
Microsoft Visual Studio Solution File, Format Version 12.00
# Visual Studio 15
VisualStudioVersion = 15.0.27428.2011
MinimumVisualStudioVersion = 10.0.40219.1
Project("{FAE04EC0-301F-11D3-BF4B-00C04F79EFBC}") = "RunescapeOrganiser", "RunescapeOrganiser.csproj", "{AC144C10-EDAD-443E-A202-98879B15BD48}"
EndProject
Global
	GlobalSection(SolutionConfigurationPlatforms) = preSolution
		Debug|Any CPU = Debug|Any CPU
		Release|Any CPU = Release|Any CPU
	EndGlobalSection
	GlobalSection(ProjectConfigurationPlatforms) = postSolution
		{AC144C10-EDAD-443E-A202-98879B15BD48}.Debug|Any CPU.ActiveCfg = Debug|Any CPU
		{AC144C10-EDAD-443E-A202-98879B15BD48}.Debug|Any CPU.Build.0 = Debug|Any CPU
		{AC144C10-EDAD-443E-A202-98879B15BD48}.Release|Any CPU.ActiveCfg = Release|Any CPU
		{AC144C10-EDAD-443E-A202-98879B15BD48}.Release|Any CPU.Build.0 = Release|Any CPU
	EndGlobalSection
	GlobalSection(SolutionProperties) = preSolution
		HideSolutionNode = FALSE
	EndGlobalSection
	GlobalSection(ExtensibilityGlobals) = postSolution
		SolutionGuid = {159D77AC-4B56-4B67-BF0E-3C441C677D81}
	EndGlobalSection
EndGlobal
